
Microsoft Visual Studio Solution File, Format Version 12.00
# Visual Studio Version 17
VisualStudioVersion = 17.0.31903.59
MinimumVisualStudioVersion = 10.0.40219.1
Project("{FAE04EC0-301F-11D3-BF4B-00C04F79EFBC}") = "KooperatifYonetim.Core", "KooperatifYonetim.Core\KooperatifYonetim.Core.csproj", "{E1BF4DB1-994F-42B8-B4DC-38580E0A09DF}"
EndProject
Project("{FAE04EC0-301F-11D3-BF4B-00C04F79EFBC}") = "KooperatifYonetim.Data", "KooperatifYonetim.Data\KooperatifYonetim.Data.csproj", "{1D4A4034-8778-468E-981A-37DE7B35058B}"
EndProject
Project("{FAE04EC0-301F-11D3-BF4B-00C04F79EFBC}") = "KooperatifYonetim.Business", "KooperatifYonetim.Business\KooperatifYonetim.Business.csproj", "{486C08BC-0E24-44AB-B48B-9A15F276475B}"
EndProject
Project("{FAE04EC0-301F-11D3-BF4B-00C04F79EFBC}") = "KooperatifYonetim.Web", "KooperatifYonetim.Web\KooperatifYonetim.Web.csproj", "{311A0C1E-5F43-4E74-ACB7-A9AC8D0F87B3}"
EndProject
Global
	GlobalSection(SolutionConfigurationPlatforms) = preSolution
		Debug|Any CPU = Debug|Any CPU
		Debug|x64 = Debug|x64
		Debug|x86 = Debug|x86
		Release|Any CPU = Release|Any CPU
		Release|x64 = Release|x64
		Release|x86 = Release|x86
	EndGlobalSection
	GlobalSection(ProjectConfigurationPlatforms) = postSolution
		{E1BF4DB1-994F-42B8-B4DC-38580E0A09DF}.Debug|Any CPU.ActiveCfg = Debug|Any CPU
		{E1BF4DB1-994F-42B8-B4DC-38580E0A09DF}.Debug|Any CPU.Build.0 = Debug|Any CPU
		{E1BF4DB1-994F-42B8-B4DC-38580E0A09DF}.Debug|x64.ActiveCfg = Debug|Any CPU
		{E1BF4DB1-994F-42B8-B4DC-38580E0A09DF}.Debug|x64.Build.0 = Debug|Any CPU
		{E1BF4DB1-994F-42B8-B4DC-38580E0A09DF}.Debug|x86.ActiveCfg = Debug|Any CPU
		{E1BF4DB1-994F-42B8-B4DC-38580E0A09DF}.Debug|x86.Build.0 = Debug|Any CPU
		{E1BF4DB1-994F-42B8-B4DC-38580E0A09DF}.Release|Any CPU.ActiveCfg = Release|Any CPU
		{E1BF4DB1-994F-42B8-B4DC-38580E0A09DF}.Release|Any CPU.Build.0 = Release|Any CPU
		{E1BF4DB1-994F-42B8-B4DC-38580E0A09DF}.Release|x64.ActiveCfg = Release|Any CPU
		{E1BF4DB1-994F-42B8-B4DC-38580E0A09DF}.Release|x64.Build.0 = Release|Any CPU
		{E1BF4DB1-994F-42B8-B4DC-38580E0A09DF}.Release|x86.ActiveCfg = Release|Any CPU
		{E1BF4DB1-994F-42B8-B4DC-38580E0A09DF}.Release|x86.Build.0 = Release|Any CPU
		{1D4A4034-8778-468E-981A-37DE7B35058B}.Debug|Any CPU.ActiveCfg = Debug|Any CPU
		{1D4A4034-8778-468E-981A-37DE7B35058B}.Debug|Any CPU.Build.0 = Debug|Any CPU
		{1D4A4034-8778-468E-981A-37DE7B35058B}.Debug|x64.ActiveCfg = Debug|Any CPU
		{1D4A4034-8778-468E-981A-37DE7B35058B}.Debug|x64.Build.0 = Debug|Any CPU
		{1D4A4034-8778-468E-981A-37DE7B35058B}.Debug|x86.ActiveCfg = Debug|Any CPU
		{1D4A4034-8778-468E-981A-37DE7B35058B}.Debug|x86.Build.0 = Debug|Any CPU
		{1D4A4034-8778-468E-981A-37DE7B35058B}.Release|Any CPU.ActiveCfg = Release|Any CPU
		{1D4A4034-8778-468E-981A-37DE7B35058B}.Release|Any CPU.Build.0 = Release|Any CPU
		{1D4A4034-8778-468E-981A-37DE7B35058B}.Release|x64.ActiveCfg = Release|Any CPU
		{1D4A4034-8778-468E-981A-37DE7B35058B}.Release|x64.Build.0 = Release|Any CPU
		{1D4A4034-8778-468E-981A-37DE7B35058B}.Release|x86.ActiveCfg = Release|Any CPU
		{1D4A4034-8778-468E-981A-37DE7B35058B}.Release|x86.Build.0 = Release|Any CPU
		{486C08BC-0E24-44AB-B48B-9A15F276475B}.Debug|Any CPU.ActiveCfg = Debug|Any CPU
		{486C08BC-0E24-44AB-B48B-9A15F276475B}.Debug|Any CPU.Build.0 = Debug|Any CPU
		{486C08BC-0E24-44AB-B48B-9A15F276475B}.Debug|x64.ActiveCfg = Debug|Any CPU
		{486C08BC-0E24-44AB-B48B-9A15F276475B}.Debug|x64.Build.0 = Debug|Any CPU
		{486C08BC-0E24-44AB-B48B-9A15F276475B}.Debug|x86.ActiveCfg = Debug|Any CPU
		{486C08BC-0E24-44AB-B48B-9A15F276475B}.Debug|x86.Build.0 = Debug|Any CPU
		{486C08BC-0E24-44AB-B48B-9A15F276475B}.Release|Any CPU.ActiveCfg = Release|Any CPU
		{486C08BC-0E24-44AB-B48B-9A15F276475B}.Release|Any CPU.Build.0 = Release|Any CPU
		{486C08BC-0E24-44AB-B48B-9A15F276475B}.Release|x64.ActiveCfg = Release|Any CPU
		{486C08BC-0E24-44AB-B48B-9A15F276475B}.Release|x64.Build.0 = Release|Any CPU
		{486C08BC-0E24-44AB-B48B-9A15F276475B}.Release|x86.ActiveCfg = Release|Any CPU
		{486C08BC-0E24-44AB-B48B-9A15F276475B}.Release|x86.Build.0 = Release|Any CPU
		{311A0C1E-5F43-4E74-ACB7-A9AC8D0F87B3}.Debug|Any CPU.ActiveCfg = Debug|Any CPU
		{311A0C1E-5F43-4E74-ACB7-A9AC8D0F87B3}.Debug|Any CPU.Build.0 = Debug|Any CPU
		{311A0C1E-5F43-4E74-ACB7-A9AC8D0F87B3}.Debug|x64.ActiveCfg = Debug|Any CPU
		{311A0C1E-5F43-4E74-ACB7-A9AC8D0F87B3}.Debug|x64.Build.0 = Debug|Any CPU
		{311A0C1E-5F43-4E74-ACB7-A9AC8D0F87B3}.Debug|x86.ActiveCfg = Debug|Any CPU
		{311A0C1E-5F43-4E74-ACB7-A9AC8D0F87B3}.Debug|x86.Build.0 = Debug|Any CPU
		{311A0C1E-5F43-4E74-ACB7-A9AC8D0F87B3}.Release|Any CPU.ActiveCfg = Release|Any CPU
		{311A0C1E-5F43-4E74-ACB7-A9AC8D0F87B3}.Release|Any CPU.Build.0 = Release|Any CPU
		{311A0C1E-5F43-4E74-ACB7-A9AC8D0F87B3}.Release|x64.ActiveCfg = Release|Any CPU
		{311A0C1E-5F43-4E74-ACB7-A9AC8D0F87B3}.Release|x64.Build.0 = Release|Any CPU
		{311A0C1E-5F43-4E74-ACB7-A9AC8D0F87B3}.Release|x86.ActiveCfg = Release|Any CPU
		{311A0C1E-5F43-4E74-ACB7-A9AC8D0F87B3}.Release|x86.Build.0 = Release|Any CPU
	EndGlobalSection
	GlobalSection(SolutionProperties) = preSolution
		HideSolutionNode = FALSE
	EndGlobalSection
EndGlobal
